
Microsoft Visual Studio Solution File, Format Version 12.00
# Visual Studio Version 16
VisualStudioVersion = 16.0.30002.166
MinimumVisualStudioVersion = 10.0.40219.1
Project("{FAE04EC0-301F-11D3-BF4B-00C04F79EFBC}") = "tree-intersection", "tree-intersection\tree-intersection.csproj", "{4DAA1BB9-3D2F-4E5F-9105-1D58B315F8EE}"
EndProject
Global
	GlobalSection(SolutionConfigurationPlatforms) = preSolution
		Debug|Any CPU = Debug|Any CPU
		Release|Any CPU = Release|Any CPU
	EndGlobalSection
	GlobalSection(ProjectConfigurationPlatforms) = postSolution
		{4DAA1BB9-3D2F-4E5F-9105-1D58B315F8EE}.Debug|Any CPU.ActiveCfg = Debug|Any CPU
		{4DAA1BB9-3D2F-4E5F-9105-1D58B315F8EE}.Debug|Any CPU.Build.0 = Debug|Any CPU
		{4DAA1BB9-3D2F-4E5F-9105-1D58B315F8EE}.Release|Any CPU.ActiveCfg = Release|Any CPU
		{4DAA1BB9-3D2F-4E5F-9105-1D58B315F8EE}.Release|Any CPU.Build.0 = Release|Any CPU
	EndGlobalSection
	GlobalSection(SolutionProperties) = preSolution
		HideSolutionNode = FALSE
	EndGlobalSection
	GlobalSection(ExtensibilityGlobals) = postSolution
		SolutionGuid = {C78E502A-DDCF-4554-B7B1-6B6DDD381E89}
	EndGlobalSection
EndGlobal
