
Microsoft Visual Studio Solution File, Format Version 12.00
# Visual Studio Version 16
VisualStudioVersion = 16.0.30204.135
MinimumVisualStudioVersion = 10.0.40219.1
Project("{FAE04EC0-301F-11D3-BF4B-00C04F79EFBC}") = "Circular-LL", "Circular-LL\Circular-LL.csproj", "{6102A545-7681-48A9-8823-2E38AE18A15C}"
EndProject
Global
	GlobalSection(SolutionConfigurationPlatforms) = preSolution
		Debug|Any CPU = Debug|Any CPU
		Release|Any CPU = Release|Any CPU
	EndGlobalSection
	GlobalSection(ProjectConfigurationPlatforms) = postSolution
		{6102A545-7681-48A9-8823-2E38AE18A15C}.Debug|Any CPU.ActiveCfg = Debug|Any CPU
		{6102A545-7681-48A9-8823-2E38AE18A15C}.Debug|Any CPU.Build.0 = Debug|Any CPU
		{6102A545-7681-48A9-8823-2E38AE18A15C}.Release|Any CPU.ActiveCfg = Release|Any CPU
		{6102A545-7681-48A9-8823-2E38AE18A15C}.Release|Any CPU.Build.0 = Release|Any CPU
	EndGlobalSection
	GlobalSection(SolutionProperties) = preSolution
		HideSolutionNode = FALSE
	EndGlobalSection
	GlobalSection(ExtensibilityGlobals) = postSolution
		SolutionGuid = {DC26E466-E68F-4CA9-A351-1CC2BC3A65C3}
	EndGlobalSection
EndGlobal
