
Microsoft Visual Studio Solution File, Format Version 12.00
# Visual Studio Version 16
VisualStudioVersion = 16.0.30002.166
MinimumVisualStudioVersion = 10.0.40219.1
Project("{FAE04EC0-301F-11D3-BF4B-00C04F79EFBC}") = "sumOfOddNumsInTree", "sumOfOddNumsInTree\sumOfOddNumsInTree.csproj", "{1C3B2007-515C-42CC-BD77-9DE9D5DD5FFF}"
EndProject
Project("{2150E333-8FDC-42A3-9474-1A3956D46DE8}") = "NewFolder1", "NewFolder1", "{5C564354-7C7A-48AE-868B-44355ED4EA67}"
EndProject
Global
	GlobalSection(SolutionConfigurationPlatforms) = preSolution
		Debug|Any CPU = Debug|Any CPU
		Release|Any CPU = Release|Any CPU
	EndGlobalSection
	GlobalSection(ProjectConfigurationPlatforms) = postSolution
		{1C3B2007-515C-42CC-BD77-9DE9D5DD5FFF}.Debug|Any CPU.ActiveCfg = Debug|Any CPU
		{1C3B2007-515C-42CC-BD77-9DE9D5DD5FFF}.Debug|Any CPU.Build.0 = Debug|Any CPU
		{1C3B2007-515C-42CC-BD77-9DE9D5DD5FFF}.Release|Any CPU.ActiveCfg = Release|Any CPU
		{1C3B2007-515C-42CC-BD77-9DE9D5DD5FFF}.Release|Any CPU.Build.0 = Release|Any CPU
	EndGlobalSection
	GlobalSection(SolutionProperties) = preSolution
		HideSolutionNode = FALSE
	EndGlobalSection
	GlobalSection(ExtensibilityGlobals) = postSolution
		SolutionGuid = {6B4C3324-93F1-4222-B1BA-E2BFA6915B2B}
	EndGlobalSection
EndGlobal
