
Microsoft Visual Studio Solution File, Format Version 12.00
# Visual Studio Version 16
VisualStudioVersion = 16.0.30002.166
MinimumVisualStudioVersion = 10.0.40219.1
Project("{FAE04EC0-301F-11D3-BF4B-00C04F79EFBC}") = "RepeatedWord", "RepeatedWord\RepeatedWord.csproj", "{C05A927C-9099-4701-83CE-02300699A86F}"
EndProject
Project("{FAE04EC0-301F-11D3-BF4B-00C04F79EFBC}") = "XUnitTestProject1", "XUnitTestProject1\XUnitTestProject1.csproj", "{D3619259-5DD9-4638-9AC5-1B80BB112B7B}"
EndProject
Global
	GlobalSection(SolutionConfigurationPlatforms) = preSolution
		Debug|Any CPU = Debug|Any CPU
		Release|Any CPU = Release|Any CPU
	EndGlobalSection
	GlobalSection(ProjectConfigurationPlatforms) = postSolution
		{C05A927C-9099-4701-83CE-02300699A86F}.Debug|Any CPU.ActiveCfg = Debug|Any CPU
		{C05A927C-9099-4701-83CE-02300699A86F}.Debug|Any CPU.Build.0 = Debug|Any CPU
		{C05A927C-9099-4701-83CE-02300699A86F}.Release|Any CPU.ActiveCfg = Release|Any CPU
		{C05A927C-9099-4701-83CE-02300699A86F}.Release|Any CPU.Build.0 = Release|Any CPU
		{D3619259-5DD9-4638-9AC5-1B80BB112B7B}.Debug|Any CPU.ActiveCfg = Debug|Any CPU
		{D3619259-5DD9-4638-9AC5-1B80BB112B7B}.Debug|Any CPU.Build.0 = Debug|Any CPU
		{D3619259-5DD9-4638-9AC5-1B80BB112B7B}.Release|Any CPU.ActiveCfg = Release|Any CPU
		{D3619259-5DD9-4638-9AC5-1B80BB112B7B}.Release|Any CPU.Build.0 = Release|Any CPU
	EndGlobalSection
	GlobalSection(SolutionProperties) = preSolution
		HideSolutionNode = FALSE
	EndGlobalSection
	GlobalSection(ExtensibilityGlobals) = postSolution
		SolutionGuid = {EA2555D5-BF43-49C3-8EC8-5FF2B7BE66A9}
	EndGlobalSection
EndGlobal
