
Microsoft Visual Studio Solution File, Format Version 12.00
# Visual Studio Version 16
VisualStudioVersion = 16.0.30002.166
MinimumVisualStudioVersion = 10.0.40219.1
Project("{FAE04EC0-301F-11D3-BF4B-00C04F79EFBC}") = "QuickSort", "QuickSort\QuickSort.csproj", "{4C3D0444-8FA9-4209-8361-4E9BAFAFB1A8}"
EndProject
Project("{FAE04EC0-301F-11D3-BF4B-00C04F79EFBC}") = "XUnitTestProject1", "XUnitTestProject1\XUnitTestProject1.csproj", "{C72B64EA-009C-4A28-9C87-951CB6D13764}"
EndProject
Global
	GlobalSection(SolutionConfigurationPlatforms) = preSolution
		Debug|Any CPU = Debug|Any CPU
		Release|Any CPU = Release|Any CPU
	EndGlobalSection
	GlobalSection(ProjectConfigurationPlatforms) = postSolution
		{4C3D0444-8FA9-4209-8361-4E9BAFAFB1A8}.Debug|Any CPU.ActiveCfg = Debug|Any CPU
		{4C3D0444-8FA9-4209-8361-4E9BAFAFB1A8}.Debug|Any CPU.Build.0 = Debug|Any CPU
		{4C3D0444-8FA9-4209-8361-4E9BAFAFB1A8}.Release|Any CPU.ActiveCfg = Release|Any CPU
		{4C3D0444-8FA9-4209-8361-4E9BAFAFB1A8}.Release|Any CPU.Build.0 = Release|Any CPU
		{C72B64EA-009C-4A28-9C87-951CB6D13764}.Debug|Any CPU.ActiveCfg = Debug|Any CPU
		{C72B64EA-009C-4A28-9C87-951CB6D13764}.Debug|Any CPU.Build.0 = Debug|Any CPU
		{C72B64EA-009C-4A28-9C87-951CB6D13764}.Release|Any CPU.ActiveCfg = Release|Any CPU
		{C72B64EA-009C-4A28-9C87-951CB6D13764}.Release|Any CPU.Build.0 = Release|Any CPU
	EndGlobalSection
	GlobalSection(SolutionProperties) = preSolution
		HideSolutionNode = FALSE
	EndGlobalSection
	GlobalSection(ExtensibilityGlobals) = postSolution
		SolutionGuid = {DF4F096F-3683-4540-9BA5-47759E825855}
	EndGlobalSection
EndGlobal
