
Microsoft Visual Studio Solution File, Format Version 12.00
# Visual Studio Version 16
VisualStudioVersion = 16.0.29806.167
MinimumVisualStudioVersion = 10.0.40219.1
Project("{FAE04EC0-301F-11D3-BF4B-00C04F79EFBC}") = "Tree", "Tree\Tree.csproj", "{B2CA535F-2477-4027-BD10-FC6F694D0159}"
EndProject
Project("{FAE04EC0-301F-11D3-BF4B-00C04F79EFBC}") = "XUnitTestProject1", "XUnitTestProject1\XUnitTestProject1.csproj", "{292E0CC6-8D58-4BEC-982B-F08721A685BB}"
EndProject
Global
	GlobalSection(SolutionConfigurationPlatforms) = preSolution
		Debug|Any CPU = Debug|Any CPU
		Release|Any CPU = Release|Any CPU
	EndGlobalSection
	GlobalSection(ProjectConfigurationPlatforms) = postSolution
		{B2CA535F-2477-4027-BD10-FC6F694D0159}.Debug|Any CPU.ActiveCfg = Debug|Any CPU
		{B2CA535F-2477-4027-BD10-FC6F694D0159}.Debug|Any CPU.Build.0 = Debug|Any CPU
		{B2CA535F-2477-4027-BD10-FC6F694D0159}.Release|Any CPU.ActiveCfg = Release|Any CPU
		{B2CA535F-2477-4027-BD10-FC6F694D0159}.Release|Any CPU.Build.0 = Release|Any CPU
		{292E0CC6-8D58-4BEC-982B-F08721A685BB}.Debug|Any CPU.ActiveCfg = Debug|Any CPU
		{292E0CC6-8D58-4BEC-982B-F08721A685BB}.Debug|Any CPU.Build.0 = Debug|Any CPU
		{292E0CC6-8D58-4BEC-982B-F08721A685BB}.Release|Any CPU.ActiveCfg = Release|Any CPU
		{292E0CC6-8D58-4BEC-982B-F08721A685BB}.Release|Any CPU.Build.0 = Release|Any CPU
	EndGlobalSection
	GlobalSection(SolutionProperties) = preSolution
		HideSolutionNode = FALSE
	EndGlobalSection
	GlobalSection(ExtensibilityGlobals) = postSolution
		SolutionGuid = {C480CE56-17C8-4651-B802-EAC9D59A5CA1}
	EndGlobalSection
EndGlobal
